{
  "name": "LongRun",
  "lockfileVersion": 2,
  "requires": true,
  "packages": {
    "": {
      "dependencies": {
        "@types/google-apps-script": "^1.0.37"
      }
    },
    "node_modules/@types/google-apps-script": {
      "version": "1.0.37",
      "resolved": "https://registry.npmjs.org/@types/google-apps-script/-/google-apps-script-1.0.37.tgz",
      "integrity": "sha512-iuXrNzkMOjSfo4PBgqFqGYmgYWRzcr1Nq7L3E+nLP8jvyxXpwL5cyNpf4XjuSsFHVt/FmsEmlPeiWdrRPSkfwQ=="
    }
  },
  "dependencies": {
    "@types/google-apps-script": {
      "version": "1.0.37",
      "resolved": "https://registry.npmjs.org/@types/google-apps-script/-/google-apps-script-1.0.37.tgz",
      "integrity": "sha512-iuXrNzkMOjSfo4PBgqFqGYmgYWRzcr1Nq7L3E+nLP8jvyxXpwL5cyNpf4XjuSsFHVt/FmsEmlPeiWdrRPSkfwQ=="
    }
  }
}
